
Microsoft Visual Studio Solution File, Format Version 12.00
# Visual Studio Version 17
VisualStudioVersion = 17.14.36623.8 d17.14
MinimumVisualStudioVersion = 10.0.40219.1
Project("{8BC9CEB8-8B4A-11D0-8D11-00A0C91BC942}") = "Zadanie 3", "Zadanie 3\Zadanie 3.vcxproj", "{576FC0DD-6806-4982-BBC8-0F8D67FCE7F7}"
EndProject
Global
	GlobalSection(SolutionConfigurationPlatforms) = preSolution
		Debug|x64 = Debug|x64
		Debug|x86 = Debug|x86
		Release|x64 = Release|x64
		Release|x86 = Release|x86
	EndGlobalSection
	GlobalSection(ProjectConfigurationPlatforms) = postSolution
		{576FC0DD-6806-4982-BBC8-0F8D67FCE7F7}.Debug|x64.ActiveCfg = Debug|x64
		{576FC0DD-6806-4982-BBC8-0F8D67FCE7F7}.Debug|x64.Build.0 = Debug|x64
		{576FC0DD-6806-4982-BBC8-0F8D67FCE7F7}.Debug|x86.ActiveCfg = Debug|Win32
		{576FC0DD-6806-4982-BBC8-0F8D67FCE7F7}.Debug|x86.Build.0 = Debug|Win32
		{576FC0DD-6806-4982-BBC8-0F8D67FCE7F7}.Release|x64.ActiveCfg = Release|x64
		{576FC0DD-6806-4982-BBC8-0F8D67FCE7F7}.Release|x64.Build.0 = Release|x64
		{576FC0DD-6806-4982-BBC8-0F8D67FCE7F7}.Release|x86.ActiveCfg = Release|Win32
		{576FC0DD-6806-4982-BBC8-0F8D67FCE7F7}.Release|x86.Build.0 = Release|Win32
	EndGlobalSection
	GlobalSection(SolutionProperties) = preSolution
		HideSolutionNode = FALSE
	EndGlobalSection
	GlobalSection(ExtensibilityGlobals) = postSolution
		SolutionGuid = {95497C8E-E920-4CB2-A5DA-50F486AB67DA}
	EndGlobalSection
EndGlobal
