
Microsoft Visual Studio Solution File, Format Version 12.00
# Visual Studio Version 17
VisualStudioVersion = 17.14.36623.8 d17.14
MinimumVisualStudioVersion = 10.0.40219.1
Project("{8BC9CEB8-8B4A-11D0-8D11-00A0C91BC942}") = "Zadanie 7", "Zadanie 7.vcxproj", "{8CCDABEC-AD3B-4123-9258-F848C00CA57C}"
EndProject
Global
	GlobalSection(SolutionConfigurationPlatforms) = preSolution
		Debug|x64 = Debug|x64
		Debug|x86 = Debug|x86
		Release|x64 = Release|x64
		Release|x86 = Release|x86
	EndGlobalSection
	GlobalSection(ProjectConfigurationPlatforms) = postSolution
		{8CCDABEC-AD3B-4123-9258-F848C00CA57C}.Debug|x64.ActiveCfg = Debug|x64
		{8CCDABEC-AD3B-4123-9258-F848C00CA57C}.Debug|x64.Build.0 = Debug|x64
		{8CCDABEC-AD3B-4123-9258-F848C00CA57C}.Debug|x86.ActiveCfg = Debug|Win32
		{8CCDABEC-AD3B-4123-9258-F848C00CA57C}.Debug|x86.Build.0 = Debug|Win32
		{8CCDABEC-AD3B-4123-9258-F848C00CA57C}.Release|x64.ActiveCfg = Release|x64
		{8CCDABEC-AD3B-4123-9258-F848C00CA57C}.Release|x64.Build.0 = Release|x64
		{8CCDABEC-AD3B-4123-9258-F848C00CA57C}.Release|x86.ActiveCfg = Release|Win32
		{8CCDABEC-AD3B-4123-9258-F848C00CA57C}.Release|x86.Build.0 = Release|Win32
	EndGlobalSection
	GlobalSection(SolutionProperties) = preSolution
		HideSolutionNode = FALSE
	EndGlobalSection
	GlobalSection(ExtensibilityGlobals) = postSolution
		SolutionGuid = {7B588396-5061-444B-B80A-F013E70AE47B}
	EndGlobalSection
EndGlobal
